
Microsoft Visual Studio Solution File, Format Version 12.00
# Visual Studio 15
VisualStudioVersion = 15.0.27004.2002
MinimumVisualStudioVersion = 10.0.40219.1
Project("{FAE04EC0-301F-11D3-BF4B-00C04F79EFBC}") = "mprDimBias_2016", "mprDimBias_2016\mprDimBias_2016.csproj", "{758FBB3F-3F1D-44FB-A107-0F95BDD8F379}"
EndProject
Project("{FAE04EC0-301F-11D3-BF4B-00C04F79EFBC}") = "mprDimBias_2017", "mprDimBias_2017\mprDimBias_2017.csproj", "{B2A4E879-14C6-462C-9922-9BB1C11E0D66}"
EndProject
Project("{FAE04EC0-301F-11D3-BF4B-00C04F79EFBC}") = "mprDimBias_2018", "mprDimBias_2018\mprDimBias_2018.csproj", "{0AFF0D92-0700-4D11-9B84-82BCCBCF129A}"
EndProject
Project("{FAE04EC0-301F-11D3-BF4B-00C04F79EFBC}") = "mprDimBias_2019", "mprDimBias_2019\mprDimBias_2019.csproj", "{45B65FDE-31AA-4BD5-B942-F63CF9568840}"
EndProject
Project("{FAE04EC0-301F-11D3-BF4B-00C04F79EFBC}") = "mprDimBias_2020", "mprDimBias_2020\mprDimBias_2020.csproj", "{BFA92F24-447A-4E4E-8C25-5B2A3C1D9305}"
EndProject
Global
	GlobalSection(SolutionConfigurationPlatforms) = preSolution
		Debug|Any CPU = Debug|Any CPU
		Release|Any CPU = Release|Any CPU
	EndGlobalSection
	GlobalSection(ProjectConfigurationPlatforms) = postSolution
		{758FBB3F-3F1D-44FB-A107-0F95BDD8F379}.Debug|Any CPU.ActiveCfg = Debug|Any CPU
		{758FBB3F-3F1D-44FB-A107-0F95BDD8F379}.Debug|Any CPU.Build.0 = Debug|Any CPU
		{758FBB3F-3F1D-44FB-A107-0F95BDD8F379}.Release|Any CPU.ActiveCfg = Release|Any CPU
		{758FBB3F-3F1D-44FB-A107-0F95BDD8F379}.Release|Any CPU.Build.0 = Release|Any CPU
		{B2A4E879-14C6-462C-9922-9BB1C11E0D66}.Debug|Any CPU.ActiveCfg = Debug|Any CPU
		{B2A4E879-14C6-462C-9922-9BB1C11E0D66}.Debug|Any CPU.Build.0 = Debug|Any CPU
		{B2A4E879-14C6-462C-9922-9BB1C11E0D66}.Release|Any CPU.ActiveCfg = Release|Any CPU
		{B2A4E879-14C6-462C-9922-9BB1C11E0D66}.Release|Any CPU.Build.0 = Release|Any CPU
		{0AFF0D92-0700-4D11-9B84-82BCCBCF129A}.Debug|Any CPU.ActiveCfg = Debug|Any CPU
		{0AFF0D92-0700-4D11-9B84-82BCCBCF129A}.Debug|Any CPU.Build.0 = Debug|Any CPU
		{0AFF0D92-0700-4D11-9B84-82BCCBCF129A}.Release|Any CPU.ActiveCfg = Release|Any CPU
		{0AFF0D92-0700-4D11-9B84-82BCCBCF129A}.Release|Any CPU.Build.0 = Release|Any CPU
		{45B65FDE-31AA-4BD5-B942-F63CF9568840}.Debug|Any CPU.ActiveCfg = Debug|Any CPU
		{45B65FDE-31AA-4BD5-B942-F63CF9568840}.Debug|Any CPU.Build.0 = Debug|Any CPU
		{45B65FDE-31AA-4BD5-B942-F63CF9568840}.Release|Any CPU.ActiveCfg = Release|Any CPU
		{45B65FDE-31AA-4BD5-B942-F63CF9568840}.Release|Any CPU.Build.0 = Release|Any CPU
		{BFA92F24-447A-4E4E-8C25-5B2A3C1D9305}.Debug|Any CPU.ActiveCfg = Debug|Any CPU
		{BFA92F24-447A-4E4E-8C25-5B2A3C1D9305}.Debug|Any CPU.Build.0 = Debug|Any CPU
		{BFA92F24-447A-4E4E-8C25-5B2A3C1D9305}.Release|Any CPU.ActiveCfg = Release|Any CPU
		{BFA92F24-447A-4E4E-8C25-5B2A3C1D9305}.Release|Any CPU.Build.0 = Release|Any CPU
	EndGlobalSection
	GlobalSection(SolutionProperties) = preSolution
		HideSolutionNode = FALSE
	EndGlobalSection
	GlobalSection(ExtensibilityGlobals) = postSolution
		SolutionGuid = {B1223976-3BFC-4DC7-A730-6B484F4C6F46}
	EndGlobalSection
EndGlobal
